{
  "name": "@garage-panda/react-pdf-export",
  "version": "0.0.4-alpha",
  "lockfileVersion": 1,
  "requires": true,
  "dependencies": {
    "@garage-panda/use-await-dom-render": {
      "version": "0.0.3",
      "resolved": "https://registry.npmjs.org/@garage-panda/use-await-dom-render/-/use-await-dom-render-0.0.3.tgz",
      "integrity": "sha512-5uLjSt853koelDCQ8FpHoXcmIspKIiP0Q/PpaM313RBPtFsASexex5DEr4JosrbsQSHCO9pej0uCXQIVTJUNdg=="
    }
  }
}
