{
  "name": "@garage-panda/react-pdf-export",
  "version": "0.0.4-alpha",
  "lockfileVersion": 1,
  "requires": true,
  "dependencies": {
    "@garage-panda/use-await-dom-render": {
      "version": "0.0.5",
      "resolved": "https://registry.npmjs.org/@garage-panda/use-await-dom-render/-/use-await-dom-render-0.0.5.tgz",
      "integrity": "sha512-oA//JlK9QnS24+UT1HVLLz1XSBSjROXJYkZUWcwWJafHYVym+roLyOKEkZg+F5X3AJSKtVPN0gkEUaVtVS36zg=="
    }
  }
}
